
Microsoft Visual Studio Solution File, Format Version 12.00
# Visual Studio Version 17
VisualStudioVersion = 17.14.36429.23
MinimumVisualStudioVersion = 10.0.40219.1
Project("{2150E333-8FDC-42A3-9474-1A3956D46DE8}") = "Task0", "Task0", "{02EA681E-C7D8-13C7-8484-4AC65E1B71E8}"
EndProject
Project("{2150E333-8FDC-42A3-9474-1A3956D46DE8}") = "Task1", "Task1", "{ED09942B-8D08-4759-961E-F7E8B0767F43}"
EndProject
Project("{2150E333-8FDC-42A3-9474-1A3956D46DE8}") = "Task2", "Task2", "{D5CEE8E0-8E0A-4F9E-84B5-BDD6327F3CD3}"
EndProject
Project("{2150E333-8FDC-42A3-9474-1A3956D46DE8}") = "Task3", "Task3", "{3024DB87-9751-4B6A-97A2-9CA671892E9E}"
EndProject
Project("{2150E333-8FDC-42A3-9474-1A3956D46DE8}") = "Task4", "Task4", "{04187B13-9391-4569-883C-B1FC8FD51DE4}"
EndProject
Project("{2150E333-8FDC-42A3-9474-1A3956D46DE8}") = "Task5", "Task5", "{44AE0084-D504-433C-8E20-6D260EB3984A}"
EndProject
Project("{2150E333-8FDC-42A3-9474-1A3956D46DE8}") = "Task6", "Task6", "{0A30D110-591B-4770-AC5F-848D6ADF79F6}"
EndProject
Project("{2150E333-8FDC-42A3-9474-1A3956D46DE8}") = "Task7", "Task7", "{1BE7BAE7-7E01-4887-AF01-07A931E4C88E}"
EndProject
Project("{FAE04EC0-301F-11D3-BF4B-00C04F79EFBC}") = "Tyuiu.AntonovDI.Sprint6.Task0.V2", "Tyuiu.AntonovDI.Sprint6.Task0.V2\Tyuiu.AntonovDI.Sprint6.Task0.V2.csproj", "{EA654931-F58E-4E32-9A16-E791C3A4DF71}"
EndProject
Project("{FAE04EC0-301F-11D3-BF4B-00C04F79EFBC}") = "Tyuiu.AntonovDI.Sprint6.Task0.V2.Lib", "Tyuiu.AntonovDI.Sprint6.Task0.V2.Lib\Tyuiu.AntonovDI.Sprint6.Task0.V2.Lib.csproj", "{D4B2288A-A36E-457C-B898-FB9878BADBEA}"
EndProject
Project("{FAE04EC0-301F-11D3-BF4B-00C04F79EFBC}") = "Tyuiu.AntonovDI.Sprint6.Task0.V2.Test", "Tyuiu.AntonovDI.Sprint6.Task0.V2.Test\Tyuiu.AntonovDI.Sprint6.Task0.V2.Test.csproj", "{22A84F90-E916-4272-A5B4-CA770FFBEB21}"
EndProject
Project("{FAE04EC0-301F-11D3-BF4B-00C04F79EFBC}") = "Tyuiu.AntonovDI.Sprint6.Task1.V11", "Tyuiu.AntonovDI.Sprint6.Task1.V11\Tyuiu.AntonovDI.Sprint6.Task1.V11.csproj", "{4BFA2161-0B78-4FD6-A08A-D3FC03AE7422}"
EndProject
Project("{FAE04EC0-301F-11D3-BF4B-00C04F79EFBC}") = "Tyuiu.AntonovDI.Sprint6.Task1.V11.Lib", "Tyuiu.AntonovDI.Sprint6.Task1.V11.Lib\Tyuiu.AntonovDI.Sprint6.Task1.V11.Lib.csproj", "{69AB243E-EA92-4081-AD4B-DA256A9183BE}"
EndProject
Project("{FAE04EC0-301F-11D3-BF4B-00C04F79EFBC}") = "Tyuiu.AntonovDI.Sprint6.Task1.V11.Test", "Tyuiu.AntonovDI.Sprint6.Task1.V11.Test\Tyuiu.AntonovDI.Sprint6.Task1.V11.Test.csproj", "{069B2C9A-A806-473B-B6DA-2EBBDDAD653F}"
EndProject
Project("{FAE04EC0-301F-11D3-BF4B-00C04F79EFBC}") = "Tyuiu.AntonovDI.Sprint6.Task3.V13", "Tyuiu.AntonovDI.Sprint6.Task3.V13\Tyuiu.AntonovDI.Sprint6.Task3.V13.csproj", "{E012DA94-7DB0-4EFB-B137-FF1ECD420BD3}"
EndProject
Project("{FAE04EC0-301F-11D3-BF4B-00C04F79EFBC}") = "Tyuiu.AntonovDI.Sprint6.Task3.V13.Lib", "Tyuiu.AntonovDI.Sprint6.Task3.V13.Lib\Tyuiu.AntonovDI.Sprint6.Task3.V13.Lib.csproj", "{046DB5C2-FB25-4E44-9E19-9E5DAD2B5E63}"
EndProject
Project("{FAE04EC0-301F-11D3-BF4B-00C04F79EFBC}") = "Tyuiu.AntonovDI.Sprint6.Task3.V13.Test", "Tyuiu.AntonovDI.Sprint6.Task3.V13.Test\Tyuiu.AntonovDI.Sprint6.Task3.V13.Test.csproj", "{BB58B03A-1A9D-498C-BEE8-A517DD37D268}"
EndProject
Project("{FAE04EC0-301F-11D3-BF4B-00C04F79EFBC}") = "Tyuiu.AntonovDI.Sprint6.Task4.V13", "Tyuiu.AntonovDI.Sprint6.Task4.V13\Tyuiu.AntonovDI.Sprint6.Task4.V13.csproj", "{813B2E01-99DD-4815-9244-DFDBF1C531AD}"
EndProject
Project("{FAE04EC0-301F-11D3-BF4B-00C04F79EFBC}") = "Tyuiu.AntonovDI.Sprint6.Task4.V13.Lib", "Tyuiu.AntonovDI.Sprint6.Task4.V13.Lib\Tyuiu.AntonovDI.Sprint6.Task4.V13.Lib.csproj", "{A295667F-F966-40F4-920E-8F1E80DB6B82}"
EndProject
Project("{FAE04EC0-301F-11D3-BF4B-00C04F79EFBC}") = "Tyuiu.AntonovDI.Sprint6.Task4.V13.Test", "Tyuiu.AntonovDI.Sprint6.Task4.V13.Test\Tyuiu.AntonovDI.Sprint6.Task4.V13.Test.csproj", "{526F9DC3-C371-4226-884A-FA8CB28C52D1}"
EndProject
Project("{FAE04EC0-301F-11D3-BF4B-00C04F79EFBC}") = "Tyuiu.AntonovDI.Sprint6.Task5.V14", "Tyuiu.AntonovDI.Sprint6.Task5.V14\Tyuiu.AntonovDI.Sprint6.Task5.V14.csproj", "{70C35FCD-53D0-4A63-8C97-7DE4BF6CCF5F}"
EndProject
Project("{FAE04EC0-301F-11D3-BF4B-00C04F79EFBC}") = "Tyuiu.AntonovDI.Sprint6.Task5.V14.Lib", "Tyuiu.AntonovDI.Sprint6.Task5.V14.Lib\Tyuiu.AntonovDI.Sprint6.Task5.V14.Lib.csproj", "{AC7541EE-7444-4457-9368-EF46D5C95CFB}"
EndProject
Project("{FAE04EC0-301F-11D3-BF4B-00C04F79EFBC}") = "Tyuiu.AntonovDI.Sprint6.Task5.V14.Test", "Tyuiu.AntonovDI.Sprint6.Task5.V14.Test\Tyuiu.AntonovDI.Sprint6.Task5.V14.Test.csproj", "{BF2DBB57-3EFB-43A5-A7FD-EEF9E4AB1C51}"
EndProject
Project("{FAE04EC0-301F-11D3-BF4B-00C04F79EFBC}") = "Tyuiu.AntonovDI.Sprint6.Task6.V18", "Tyuiu.AntonovDI.Sprint6.Task6.V18\Tyuiu.AntonovDI.Sprint6.Task6.V18.csproj", "{F57EA58C-C1BC-4887-8FB2-02B4E90E3578}"
EndProject
Project("{FAE04EC0-301F-11D3-BF4B-00C04F79EFBC}") = "Tyuiu.AntonovDI.Sprint6.Task6.V18.Lib", "Tyuiu.AntonovDI.Sprint6.Task6.V18.Lib\Tyuiu.AntonovDI.Sprint6.Task6.V18.Lib.csproj", "{AE411D8E-20AD-4469-8A79-3593AE911C57}"
EndProject
Project("{FAE04EC0-301F-11D3-BF4B-00C04F79EFBC}") = "Tyuiu.AntonovDI.Sprint6.Task6.V18.Test", "Tyuiu.AntonovDI.Sprint6.Task6.V18.Test\Tyuiu.AntonovDI.Sprint6.Task6.V18.Test.csproj", "{D157B7F1-9C60-4E79-8927-EEFAD6E0F389}"
EndProject
Project("{FAE04EC0-301F-11D3-BF4B-00C04F79EFBC}") = "Tyuiu.AntonovDI.Sprint6.Task7.V28", "Tyuiu.AntonovDI.Sprint6.Task7.V28\Tyuiu.AntonovDI.Sprint6.Task7.V28.csproj", "{8F80F360-C5E1-4186-B2F1-296298B8CAEA}"
EndProject
Project("{FAE04EC0-301F-11D3-BF4B-00C04F79EFBC}") = "Tyuiu.AntonovDI.Sprint6.Task7.V28.Lib", "Tyuiu.AntonovDI.Sprint6.Task7.V28.Lib\Tyuiu.AntonovDI.Sprint6.Task7.V28.Lib.csproj", "{C84738AC-C519-498A-909B-4FC2B889F910}"
EndProject
Project("{FAE04EC0-301F-11D3-BF4B-00C04F79EFBC}") = "Tyuiu.AntonovDI.Sprint6.Task7.V28.Test", "Tyuiu.AntonovDI.Sprint6.Task7.V28.Test\Tyuiu.AntonovDI.Sprint6.Task7.V28.Test.csproj", "{F64DD2D3-1EE8-416B-A7C2-833370C63E71}"
EndProject
Project("{FAE04EC0-301F-11D3-BF4B-00C04F79EFBC}") = "Tyuiu.AntonovDI.Sprint6.Task2.V10", "Tyuiu.AntonovDI.Sprint6.Task2.V10\Tyuiu.AntonovDI.Sprint6.Task2.V10.csproj", "{C32938E3-4A72-4991-8BFA-C49B8CF5D489}"
EndProject
Global
	GlobalSection(SolutionConfigurationPlatforms) = preSolution
		Debug|Any CPU = Debug|Any CPU
		Release|Any CPU = Release|Any CPU
	EndGlobalSection
	GlobalSection(ProjectConfigurationPlatforms) = postSolution
		{EA654931-F58E-4E32-9A16-E791C3A4DF71}.Debug|Any CPU.ActiveCfg = Debug|Any CPU
		{EA654931-F58E-4E32-9A16-E791C3A4DF71}.Debug|Any CPU.Build.0 = Debug|Any CPU
		{EA654931-F58E-4E32-9A16-E791C3A4DF71}.Release|Any CPU.ActiveCfg = Release|Any CPU
		{EA654931-F58E-4E32-9A16-E791C3A4DF71}.Release|Any CPU.Build.0 = Release|Any CPU
		{D4B2288A-A36E-457C-B898-FB9878BADBEA}.Debug|Any CPU.ActiveCfg = Debug|Any CPU
		{D4B2288A-A36E-457C-B898-FB9878BADBEA}.Debug|Any CPU.Build.0 = Debug|Any CPU
		{D4B2288A-A36E-457C-B898-FB9878BADBEA}.Release|Any CPU.ActiveCfg = Release|Any CPU
		{D4B2288A-A36E-457C-B898-FB9878BADBEA}.Release|Any CPU.Build.0 = Release|Any CPU
		{22A84F90-E916-4272-A5B4-CA770FFBEB21}.Debug|Any CPU.ActiveCfg = Debug|Any CPU
		{22A84F90-E916-4272-A5B4-CA770FFBEB21}.Debug|Any CPU.Build.0 = Debug|Any CPU
		{22A84F90-E916-4272-A5B4-CA770FFBEB21}.Release|Any CPU.ActiveCfg = Release|Any CPU
		{22A84F90-E916-4272-A5B4-CA770FFBEB21}.Release|Any CPU.Build.0 = Release|Any CPU
		{4BFA2161-0B78-4FD6-A08A-D3FC03AE7422}.Debug|Any CPU.ActiveCfg = Debug|Any CPU
		{4BFA2161-0B78-4FD6-A08A-D3FC03AE7422}.Debug|Any CPU.Build.0 = Debug|Any CPU
		{4BFA2161-0B78-4FD6-A08A-D3FC03AE7422}.Release|Any CPU.ActiveCfg = Release|Any CPU
		{4BFA2161-0B78-4FD6-A08A-D3FC03AE7422}.Release|Any CPU.Build.0 = Release|Any CPU
		{69AB243E-EA92-4081-AD4B-DA256A9183BE}.Debug|Any CPU.ActiveCfg = Debug|Any CPU
		{69AB243E-EA92-4081-AD4B-DA256A9183BE}.Debug|Any CPU.Build.0 = Debug|Any CPU
		{69AB243E-EA92-4081-AD4B-DA256A9183BE}.Release|Any CPU.ActiveCfg = Release|Any CPU
		{69AB243E-EA92-4081-AD4B-DA256A9183BE}.Release|Any CPU.Build.0 = Release|Any CPU
		{069B2C9A-A806-473B-B6DA-2EBBDDAD653F}.Debug|Any CPU.ActiveCfg = Debug|Any CPU
		{069B2C9A-A806-473B-B6DA-2EBBDDAD653F}.Debug|Any CPU.Build.0 = Debug|Any CPU
		{069B2C9A-A806-473B-B6DA-2EBBDDAD653F}.Release|Any CPU.ActiveCfg = Release|Any CPU
		{069B2C9A-A806-473B-B6DA-2EBBDDAD653F}.Release|Any CPU.Build.0 = Release|Any CPU
		{E012DA94-7DB0-4EFB-B137-FF1ECD420BD3}.Debug|Any CPU.ActiveCfg = Debug|Any CPU
		{E012DA94-7DB0-4EFB-B137-FF1ECD420BD3}.Debug|Any CPU.Build.0 = Debug|Any CPU
		{E012DA94-7DB0-4EFB-B137-FF1ECD420BD3}.Release|Any CPU.ActiveCfg = Release|Any CPU
		{E012DA94-7DB0-4EFB-B137-FF1ECD420BD3}.Release|Any CPU.Build.0 = Release|Any CPU
		{046DB5C2-FB25-4E44-9E19-9E5DAD2B5E63}.Debug|Any CPU.ActiveCfg = Debug|Any CPU
		{046DB5C2-FB25-4E44-9E19-9E5DAD2B5E63}.Debug|Any CPU.Build.0 = Debug|Any CPU
		{046DB5C2-FB25-4E44-9E19-9E5DAD2B5E63}.Release|Any CPU.ActiveCfg = Release|Any CPU
		{046DB5C2-FB25-4E44-9E19-9E5DAD2B5E63}.Release|Any CPU.Build.0 = Release|Any CPU
		{BB58B03A-1A9D-498C-BEE8-A517DD37D268}.Debug|Any CPU.ActiveCfg = Debug|Any CPU
		{BB58B03A-1A9D-498C-BEE8-A517DD37D268}.Debug|Any CPU.Build.0 = Debug|Any CPU
		{BB58B03A-1A9D-498C-BEE8-A517DD37D268}.Release|Any CPU.ActiveCfg = Release|Any CPU
		{BB58B03A-1A9D-498C-BEE8-A517DD37D268}.Release|Any CPU.Build.0 = Release|Any CPU
		{813B2E01-99DD-4815-9244-DFDBF1C531AD}.Debug|Any CPU.ActiveCfg = Debug|Any CPU
		{813B2E01-99DD-4815-9244-DFDBF1C531AD}.Debug|Any CPU.Build.0 = Debug|Any CPU
		{813B2E01-99DD-4815-9244-DFDBF1C531AD}.Release|Any CPU.ActiveCfg = Release|Any CPU
		{813B2E01-99DD-4815-9244-DFDBF1C531AD}.Release|Any CPU.Build.0 = Release|Any CPU
		{A295667F-F966-40F4-920E-8F1E80DB6B82}.Debug|Any CPU.ActiveCfg = Debug|Any CPU
		{A295667F-F966-40F4-920E-8F1E80DB6B82}.Debug|Any CPU.Build.0 = Debug|Any CPU
		{A295667F-F966-40F4-920E-8F1E80DB6B82}.Release|Any CPU.ActiveCfg = Release|Any CPU
		{A295667F-F966-40F4-920E-8F1E80DB6B82}.Release|Any CPU.Build.0 = Release|Any CPU
		{526F9DC3-C371-4226-884A-FA8CB28C52D1}.Debug|Any CPU.ActiveCfg = Debug|Any CPU
		{526F9DC3-C371-4226-884A-FA8CB28C52D1}.Debug|Any CPU.Build.0 = Debug|Any CPU
		{526F9DC3-C371-4226-884A-FA8CB28C52D1}.Release|Any CPU.ActiveCfg = Release|Any CPU
		{526F9DC3-C371-4226-884A-FA8CB28C52D1}.Release|Any CPU.Build.0 = Release|Any CPU
		{70C35FCD-53D0-4A63-8C97-7DE4BF6CCF5F}.Debug|Any CPU.ActiveCfg = Debug|Any CPU
		{70C35FCD-53D0-4A63-8C97-7DE4BF6CCF5F}.Debug|Any CPU.Build.0 = Debug|Any CPU
		{70C35FCD-53D0-4A63-8C97-7DE4BF6CCF5F}.Release|Any CPU.ActiveCfg = Release|Any CPU
		{70C35FCD-53D0-4A63-8C97-7DE4BF6CCF5F}.Release|Any CPU.Build.0 = Release|Any CPU
		{AC7541EE-7444-4457-9368-EF46D5C95CFB}.Debug|Any CPU.ActiveCfg = Debug|Any CPU
		{AC7541EE-7444-4457-9368-EF46D5C95CFB}.Debug|Any CPU.Build.0 = Debug|Any CPU
		{AC7541EE-7444-4457-9368-EF46D5C95CFB}.Release|Any CPU.ActiveCfg = Release|Any CPU
		{AC7541EE-7444-4457-9368-EF46D5C95CFB}.Release|Any CPU.Build.0 = Release|Any CPU
		{BF2DBB57-3EFB-43A5-A7FD-EEF9E4AB1C51}.Debug|Any CPU.ActiveCfg = Debug|Any CPU
		{BF2DBB57-3EFB-43A5-A7FD-EEF9E4AB1C51}.Debug|Any CPU.Build.0 = Debug|Any CPU
		{BF2DBB57-3EFB-43A5-A7FD-EEF9E4AB1C51}.Release|Any CPU.ActiveCfg = Release|Any CPU
		{BF2DBB57-3EFB-43A5-A7FD-EEF9E4AB1C51}.Release|Any CPU.Build.0 = Release|Any CPU
		{F57EA58C-C1BC-4887-8FB2-02B4E90E3578}.Debug|Any CPU.ActiveCfg = Debug|Any CPU
		{F57EA58C-C1BC-4887-8FB2-02B4E90E3578}.Debug|Any CPU.Build.0 = Debug|Any CPU
		{F57EA58C-C1BC-4887-8FB2-02B4E90E3578}.Release|Any CPU.ActiveCfg = Release|Any CPU
		{F57EA58C-C1BC-4887-8FB2-02B4E90E3578}.Release|Any CPU.Build.0 = Release|Any CPU
		{AE411D8E-20AD-4469-8A79-3593AE911C57}.Debug|Any CPU.ActiveCfg = Debug|Any CPU
		{AE411D8E-20AD-4469-8A79-3593AE911C57}.Debug|Any CPU.Build.0 = Debug|Any CPU
		{AE411D8E-20AD-4469-8A79-3593AE911C57}.Release|Any CPU.ActiveCfg = Release|Any CPU
		{AE411D8E-20AD-4469-8A79-3593AE911C57}.Release|Any CPU.Build.0 = Release|Any CPU
		{D157B7F1-9C60-4E79-8927-EEFAD6E0F389}.Debug|Any CPU.ActiveCfg = Debug|Any CPU
		{D157B7F1-9C60-4E79-8927-EEFAD6E0F389}.Debug|Any CPU.Build.0 = Debug|Any CPU
		{D157B7F1-9C60-4E79-8927-EEFAD6E0F389}.Release|Any CPU.ActiveCfg = Release|Any CPU
		{D157B7F1-9C60-4E79-8927-EEFAD6E0F389}.Release|Any CPU.Build.0 = Release|Any CPU
		{8F80F360-C5E1-4186-B2F1-296298B8CAEA}.Debug|Any CPU.ActiveCfg = Debug|Any CPU
		{8F80F360-C5E1-4186-B2F1-296298B8CAEA}.Debug|Any CPU.Build.0 = Debug|Any CPU
		{8F80F360-C5E1-4186-B2F1-296298B8CAEA}.Release|Any CPU.ActiveCfg = Release|Any CPU
		{8F80F360-C5E1-4186-B2F1-296298B8CAEA}.Release|Any CPU.Build.0 = Release|Any CPU
		{C84738AC-C519-498A-909B-4FC2B889F910}.Debug|Any CPU.ActiveCfg = Debug|Any CPU
		{C84738AC-C519-498A-909B-4FC2B889F910}.Debug|Any CPU.Build.0 = Debug|Any CPU
		{C84738AC-C519-498A-909B-4FC2B889F910}.Release|Any CPU.ActiveCfg = Release|Any CPU
		{C84738AC-C519-498A-909B-4FC2B889F910}.Release|Any CPU.Build.0 = Release|Any CPU
		{F64DD2D3-1EE8-416B-A7C2-833370C63E71}.Debug|Any CPU.ActiveCfg = Debug|Any CPU
		{F64DD2D3-1EE8-416B-A7C2-833370C63E71}.Debug|Any CPU.Build.0 = Debug|Any CPU
		{F64DD2D3-1EE8-416B-A7C2-833370C63E71}.Release|Any CPU.ActiveCfg = Release|Any CPU
		{F64DD2D3-1EE8-416B-A7C2-833370C63E71}.Release|Any CPU.Build.0 = Release|Any CPU
		{C32938E3-4A72-4991-8BFA-C49B8CF5D489}.Debug|Any CPU.ActiveCfg = Debug|Any CPU
		{C32938E3-4A72-4991-8BFA-C49B8CF5D489}.Debug|Any CPU.Build.0 = Debug|Any CPU
		{C32938E3-4A72-4991-8BFA-C49B8CF5D489}.Release|Any CPU.ActiveCfg = Release|Any CPU
		{C32938E3-4A72-4991-8BFA-C49B8CF5D489}.Release|Any CPU.Build.0 = Release|Any CPU
	EndGlobalSection
	GlobalSection(SolutionProperties) = preSolution
		HideSolutionNode = FALSE
	EndGlobalSection
	GlobalSection(NestedProjects) = preSolution
		{EA654931-F58E-4E32-9A16-E791C3A4DF71} = {02EA681E-C7D8-13C7-8484-4AC65E1B71E8}
		{D4B2288A-A36E-457C-B898-FB9878BADBEA} = {02EA681E-C7D8-13C7-8484-4AC65E1B71E8}
		{22A84F90-E916-4272-A5B4-CA770FFBEB21} = {02EA681E-C7D8-13C7-8484-4AC65E1B71E8}
		{4BFA2161-0B78-4FD6-A08A-D3FC03AE7422} = {ED09942B-8D08-4759-961E-F7E8B0767F43}
		{69AB243E-EA92-4081-AD4B-DA256A9183BE} = {ED09942B-8D08-4759-961E-F7E8B0767F43}
		{069B2C9A-A806-473B-B6DA-2EBBDDAD653F} = {ED09942B-8D08-4759-961E-F7E8B0767F43}
		{E012DA94-7DB0-4EFB-B137-FF1ECD420BD3} = {3024DB87-9751-4B6A-97A2-9CA671892E9E}
		{046DB5C2-FB25-4E44-9E19-9E5DAD2B5E63} = {3024DB87-9751-4B6A-97A2-9CA671892E9E}
		{BB58B03A-1A9D-498C-BEE8-A517DD37D268} = {3024DB87-9751-4B6A-97A2-9CA671892E9E}
		{813B2E01-99DD-4815-9244-DFDBF1C531AD} = {04187B13-9391-4569-883C-B1FC8FD51DE4}
		{A295667F-F966-40F4-920E-8F1E80DB6B82} = {04187B13-9391-4569-883C-B1FC8FD51DE4}
		{526F9DC3-C371-4226-884A-FA8CB28C52D1} = {04187B13-9391-4569-883C-B1FC8FD51DE4}
		{70C35FCD-53D0-4A63-8C97-7DE4BF6CCF5F} = {44AE0084-D504-433C-8E20-6D260EB3984A}
		{AC7541EE-7444-4457-9368-EF46D5C95CFB} = {44AE0084-D504-433C-8E20-6D260EB3984A}
		{BF2DBB57-3EFB-43A5-A7FD-EEF9E4AB1C51} = {44AE0084-D504-433C-8E20-6D260EB3984A}
		{F57EA58C-C1BC-4887-8FB2-02B4E90E3578} = {0A30D110-591B-4770-AC5F-848D6ADF79F6}
		{AE411D8E-20AD-4469-8A79-3593AE911C57} = {0A30D110-591B-4770-AC5F-848D6ADF79F6}
		{D157B7F1-9C60-4E79-8927-EEFAD6E0F389} = {0A30D110-591B-4770-AC5F-848D6ADF79F6}
		{8F80F360-C5E1-4186-B2F1-296298B8CAEA} = {1BE7BAE7-7E01-4887-AF01-07A931E4C88E}
		{C84738AC-C519-498A-909B-4FC2B889F910} = {1BE7BAE7-7E01-4887-AF01-07A931E4C88E}
		{F64DD2D3-1EE8-416B-A7C2-833370C63E71} = {1BE7BAE7-7E01-4887-AF01-07A931E4C88E}
		{C32938E3-4A72-4991-8BFA-C49B8CF5D489} = {D5CEE8E0-8E0A-4F9E-84B5-BDD6327F3CD3}
	EndGlobalSection
	GlobalSection(ExtensibilityGlobals) = postSolution
		SolutionGuid = {69CFDA86-2CF0-408C-B231-3432160B91EA}
	EndGlobalSection
EndGlobal
